
Microsoft Visual Studio Solution File, Format Version 12.00
# Visual Studio Version 17
VisualStudioVersion = 17.12.35707.178 d17.12
MinimumVisualStudioVersion = 10.0.40219.1
Project("{FAE04EC0-301F-11D3-BF4B-00C04F79EFBC}") = "Practica1_23130600", "Practica1_23130600\Practica1_23130600.csproj", "{75999395-E635-4ED1-B963-4303B7B6839D}"
EndProject
Global
	GlobalSection(SolutionConfigurationPlatforms) = preSolution
		Debug|Any CPU = Debug|Any CPU
		Release|Any CPU = Release|Any CPU
	EndGlobalSection
	GlobalSection(ProjectConfigurationPlatforms) = postSolution
		{75999395-E635-4ED1-B963-4303B7B6839D}.Debug|Any CPU.ActiveCfg = Debug|Any CPU
		{75999395-E635-4ED1-B963-4303B7B6839D}.Debug|Any CPU.Build.0 = Debug|Any CPU
		{75999395-E635-4ED1-B963-4303B7B6839D}.Release|Any CPU.ActiveCfg = Release|Any CPU
		{75999395-E635-4ED1-B963-4303B7B6839D}.Release|Any CPU.Build.0 = Release|Any CPU
	EndGlobalSection
	GlobalSection(SolutionProperties) = preSolution
		HideSolutionNode = FALSE
	EndGlobalSection
EndGlobal
